github.com/lxn/walk v0.0.0-20190619151032-86d8802c197a h1:6OEIaT0kMsN7UYnMK3i9JqwDMIyUtVYMfVNyjvhX98w=
github.com/lxn/walk v0.0.0-20190619151032-86d8802c197a/go.mod h1:E23UucZGqpuUANJooIbHWCufXvOcT6E7Stq81gU+CSQ=
github.com/lxn/win v0.0.0-20190716185335-d1d36f0e4f48 h1:J2doxiYgOxforcFE2tj6KyLIDF+fBUODRUVNf0EVdnI=
github.com/lxn/win v0.0.0-20190716185335-d1d36f0e4f48/go.mod h1:oO6+4g3P1GcPAG7LPffwn8Ye0cxW0goh0sUZ6+lRFPs=
golang.org/x/sys v0.0.0-20190712062909-fae7ac547cb7 h1:LepdCS8Gf/MVejFIt8lsiexZATdoGVyp5bcyS+rYoUI=
golang.org/x/sys v0.0.0-20190712062909-fae7ac547cb7/go.mod h1:h1NjWce9XRLGQEsW7wpKNCjG9DtNlClVuFLEZdDNbEs=
gopkg.in/Knetic/govaluate.v3 v3.0.0 h1:18mUyIt4ZlRlFZAAfVetz4/rzlJs9yhN+U02F4u1AOc=
gopkg.in/Knetic/govaluate.v3 v3.0.0/go.mod h1:csKLBORsPbafmSCGTEh3U7Ozmsuq8ZSIlKk1bcqph0E=
